
Microsoft Visual Studio Solution File, Format Version 11.00
# Visual Studio 2010
Project("{FAE04EC0-301F-11D3-BF4B-00C04F79EFBC}") = "Assembly-CSharp-firstpass", "Assembly-CSharp-firstpass.csproj", "{5308d299-c045-e9e8-e983-41a294110b1a}"
EndProject
Project("{FAE04EC0-301F-11D3-BF4B-00C04F79EFBC}") = "Assembly-CSharp", "Assembly-CSharp.csproj", "{1e972c94-cf39-b2f3-a196-7ad8dc127772}"
EndProject
Global
	GlobalSection(SolutionConfigurationPlatforms) = preSolution
		Debug|Any CPU = Debug|Any CPU
	EndGlobalSection
	GlobalSection(ProjectConfigurationPlatforms) = postSolution
		{5308d299-c045-e9e8-e983-41a294110b1a}.Debug|Any CPU.ActiveCfg = Debug|Any CPU
		{5308d299-c045-e9e8-e983-41a294110b1a}.Debug|Any CPU.Build.0 = Debug|Any CPU
		{1e972c94-cf39-b2f3-a196-7ad8dc127772}.Debug|Any CPU.ActiveCfg = Debug|Any CPU
		{1e972c94-cf39-b2f3-a196-7ad8dc127772}.Debug|Any CPU.Build.0 = Debug|Any CPU
	EndGlobalSection
	GlobalSection(SolutionProperties) = preSolution
		HideSolutionNode = FALSE
	EndGlobalSection
EndGlobal
